# THIS IS AN AUTOGENERATED FILE. DO NOT EDIT THIS FILE DIRECTLY.
# yarn lockfile v1


"@types/node@16.11.41":
  version "16.11.41"
  resolved "https://registry.yarnpkg.com/@types/node/-/node-16.11.41.tgz#88eb485b1bfdb4c224d878b7832239536aa2f813"
  integrity sha512-mqoYK2TnVjdkGk8qXAVGc/x9nSaTpSrFaGFm43BUH3IdoBV0nta6hYaGmdOvIMlbHJbUEVen3gvwpwovAZKNdQ==
