# THIS IS AN AUTOGENERATED FILE. DO NOT EDIT THIS FILE DIRECTLY.
# yarn lockfile v1


"@types/node@16.11.60":
  version "16.11.60"
  resolved "https://registry.yarnpkg.com/@types/node/-/node-16.11.60.tgz#a1fbca80c18dd80c8783557304cdb7d55ac3aff5"
  integrity sha512-kYIYa1D1L+HDv5M5RXQeEu1o0FKA6yedZIoyugm/MBPROkLpX4L7HRxMrPVyo8bnvjpW/wDlqFNGzXNMb7AdRw==
